
Microsoft Visual Studio Solution File, Format Version 12.00
# Visual Studio Version 16
VisualStudioVersion = 16.0.31005.135
MinimumVisualStudioVersion = 10.0.40219.1
Project("{FAE04EC0-301F-11D3-BF4B-00C04F79EFBC}") = "Question 1", "Question 1\Question 1.csproj", "{BEF120E7-F737-4752-9B51-3605FC1760E3}"
EndProject
Project("{FAE04EC0-301F-11D3-BF4B-00C04F79EFBC}") = "Question 2", "Question 2\Question 2.csproj", "{7D9C95FD-83FB-4B82-8B6D-EBE389FFFC11}"
EndProject
Project("{FAE04EC0-301F-11D3-BF4B-00C04F79EFBC}") = "Question 3", "Question 3\Question 3.csproj", "{E9A9049F-232C-42F4-AE68-CC7C50DE852B}"
EndProject
Project("{FAE04EC0-301F-11D3-BF4B-00C04F79EFBC}") = "Question 4", "Question 4\Question 4.csproj", "{6D65DA03-7826-48F0-978D-C900FF5FD110}"
EndProject
Project("{FAE04EC0-301F-11D3-BF4B-00C04F79EFBC}") = "Question 5", "Question 5\Question 5.csproj", "{33E0FE05-DA9D-4DDB-934F-CBD3FE47212F}"
EndProject
Project("{FAE04EC0-301F-11D3-BF4B-00C04F79EFBC}") = "Question 6", "Question 6\Question 6.csproj", "{8EB7EA50-1745-4842-85B4-40E6B222A97D}"
EndProject
Project("{FAE04EC0-301F-11D3-BF4B-00C04F79EFBC}") = "Question 7", "Question 7\Question 7.csproj", "{B7B3E82B-7CB3-4263-B2B1-348FCB646114}"
EndProject
Project("{FAE04EC0-301F-11D3-BF4B-00C04F79EFBC}") = "Question 8", "Question 8\Question 8.csproj", "{4501D56E-50C8-4E5E-AADB-A9C552D011AD}"
EndProject
Project("{FAE04EC0-301F-11D3-BF4B-00C04F79EFBC}") = "Question 13", "Question 13\Question 13.csproj", "{1E5FB22A-8FD9-496A-95A8-02CC74F53201}"
EndProject
Project("{FAE04EC0-301F-11D3-BF4B-00C04F79EFBC}") = "Question 14", "Question 14\Question 14.csproj", "{A22E7CF4-F34B-4A80-AC1B-32991CEB4A6E}"
EndProject
Global
	GlobalSection(SolutionConfigurationPlatforms) = preSolution
		Debug|Any CPU = Debug|Any CPU
		Release|Any CPU = Release|Any CPU
	EndGlobalSection
	GlobalSection(ProjectConfigurationPlatforms) = postSolution
		{BEF120E7-F737-4752-9B51-3605FC1760E3}.Debug|Any CPU.ActiveCfg = Debug|Any CPU
		{BEF120E7-F737-4752-9B51-3605FC1760E3}.Debug|Any CPU.Build.0 = Debug|Any CPU
		{BEF120E7-F737-4752-9B51-3605FC1760E3}.Release|Any CPU.ActiveCfg = Release|Any CPU
		{BEF120E7-F737-4752-9B51-3605FC1760E3}.Release|Any CPU.Build.0 = Release|Any CPU
		{7D9C95FD-83FB-4B82-8B6D-EBE389FFFC11}.Debug|Any CPU.ActiveCfg = Debug|Any CPU
		{7D9C95FD-83FB-4B82-8B6D-EBE389FFFC11}.Debug|Any CPU.Build.0 = Debug|Any CPU
		{7D9C95FD-83FB-4B82-8B6D-EBE389FFFC11}.Release|Any CPU.ActiveCfg = Release|Any CPU
		{7D9C95FD-83FB-4B82-8B6D-EBE389FFFC11}.Release|Any CPU.Build.0 = Release|Any CPU
		{E9A9049F-232C-42F4-AE68-CC7C50DE852B}.Debug|Any CPU.ActiveCfg = Debug|Any CPU
		{E9A9049F-232C-42F4-AE68-CC7C50DE852B}.Debug|Any CPU.Build.0 = Debug|Any CPU
		{E9A9049F-232C-42F4-AE68-CC7C50DE852B}.Release|Any CPU.ActiveCfg = Release|Any CPU
		{E9A9049F-232C-42F4-AE68-CC7C50DE852B}.Release|Any CPU.Build.0 = Release|Any CPU
		{6D65DA03-7826-48F0-978D-C900FF5FD110}.Debug|Any CPU.ActiveCfg = Debug|Any CPU
		{6D65DA03-7826-48F0-978D-C900FF5FD110}.Debug|Any CPU.Build.0 = Debug|Any CPU
		{6D65DA03-7826-48F0-978D-C900FF5FD110}.Release|Any CPU.ActiveCfg = Release|Any CPU
		{6D65DA03-7826-48F0-978D-C900FF5FD110}.Release|Any CPU.Build.0 = Release|Any CPU
		{33E0FE05-DA9D-4DDB-934F-CBD3FE47212F}.Debug|Any CPU.ActiveCfg = Debug|Any CPU
		{33E0FE05-DA9D-4DDB-934F-CBD3FE47212F}.Debug|Any CPU.Build.0 = Debug|Any CPU
		{33E0FE05-DA9D-4DDB-934F-CBD3FE47212F}.Release|Any CPU.ActiveCfg = Release|Any CPU
		{33E0FE05-DA9D-4DDB-934F-CBD3FE47212F}.Release|Any CPU.Build.0 = Release|Any CPU
		{8EB7EA50-1745-4842-85B4-40E6B222A97D}.Debug|Any CPU.ActiveCfg = Debug|Any CPU
		{8EB7EA50-1745-4842-85B4-40E6B222A97D}.Debug|Any CPU.Build.0 = Debug|Any CPU
		{8EB7EA50-1745-4842-85B4-40E6B222A97D}.Release|Any CPU.ActiveCfg = Release|Any CPU
		{8EB7EA50-1745-4842-85B4-40E6B222A97D}.Release|Any CPU.Build.0 = Release|Any CPU
		{B7B3E82B-7CB3-4263-B2B1-348FCB646114}.Debug|Any CPU.ActiveCfg = Debug|Any CPU
		{B7B3E82B-7CB3-4263-B2B1-348FCB646114}.Debug|Any CPU.Build.0 = Debug|Any CPU
		{B7B3E82B-7CB3-4263-B2B1-348FCB646114}.Release|Any CPU.ActiveCfg = Release|Any CPU
		{B7B3E82B-7CB3-4263-B2B1-348FCB646114}.Release|Any CPU.Build.0 = Release|Any CPU
		{4501D56E-50C8-4E5E-AADB-A9C552D011AD}.Debug|Any CPU.ActiveCfg = Debug|Any CPU
		{4501D56E-50C8-4E5E-AADB-A9C552D011AD}.Debug|Any CPU.Build.0 = Debug|Any CPU
		{4501D56E-50C8-4E5E-AADB-A9C552D011AD}.Release|Any CPU.ActiveCfg = Release|Any CPU
		{4501D56E-50C8-4E5E-AADB-A9C552D011AD}.Release|Any CPU.Build.0 = Release|Any CPU
		{1E5FB22A-8FD9-496A-95A8-02CC74F53201}.Debug|Any CPU.ActiveCfg = Debug|Any CPU
		{1E5FB22A-8FD9-496A-95A8-02CC74F53201}.Debug|Any CPU.Build.0 = Debug|Any CPU
		{1E5FB22A-8FD9-496A-95A8-02CC74F53201}.Release|Any CPU.ActiveCfg = Release|Any CPU
		{1E5FB22A-8FD9-496A-95A8-02CC74F53201}.Release|Any CPU.Build.0 = Release|Any CPU
		{A22E7CF4-F34B-4A80-AC1B-32991CEB4A6E}.Debug|Any CPU.ActiveCfg = Debug|Any CPU
		{A22E7CF4-F34B-4A80-AC1B-32991CEB4A6E}.Debug|Any CPU.Build.0 = Debug|Any CPU
		{A22E7CF4-F34B-4A80-AC1B-32991CEB4A6E}.Release|Any CPU.ActiveCfg = Release|Any CPU
		{A22E7CF4-F34B-4A80-AC1B-32991CEB4A6E}.Release|Any CPU.Build.0 = Release|Any CPU
	EndGlobalSection
	GlobalSection(SolutionProperties) = preSolution
		HideSolutionNode = FALSE
	EndGlobalSection
	GlobalSection(ExtensibilityGlobals) = postSolution
		SolutionGuid = {EB4EC1FF-8E47-4822-B0CE-CFE4FE9B92DE}
	EndGlobalSection
EndGlobal
